
Microsoft Visual Studio Solution File, Format Version 12.00
# Visual Studio 15
VisualStudioVersion = 15.0.28010.2046
MinimumVisualStudioVersion = 10.0.40219.1
Project("{FAE04EC0-301F-11D3-BF4B-00C04F79EFBC}") = "PixelConsole", "PixelConsole\PixelConsole.csproj", "{9731DA82-427A-42B6-B7F9-DABF2EAB280E}"
EndProject
Global
	GlobalSection(SolutionConfigurationPlatforms) = preSolution
		Debug|Any CPU = Debug|Any CPU
		Release|Any CPU = Release|Any CPU
	EndGlobalSection
	GlobalSection(ProjectConfigurationPlatforms) = postSolution
		{9731DA82-427A-42B6-B7F9-DABF2EAB280E}.Debug|Any CPU.ActiveCfg = Debug|Any CPU
		{9731DA82-427A-42B6-B7F9-DABF2EAB280E}.Debug|Any CPU.Build.0 = Debug|Any CPU
		{9731DA82-427A-42B6-B7F9-DABF2EAB280E}.Release|Any CPU.ActiveCfg = Release|Any CPU
		{9731DA82-427A-42B6-B7F9-DABF2EAB280E}.Release|Any CPU.Build.0 = Release|Any CPU
	EndGlobalSection
	GlobalSection(SolutionProperties) = preSolution
		HideSolutionNode = FALSE
	EndGlobalSection
	GlobalSection(ExtensibilityGlobals) = postSolution
		SolutionGuid = {22E863A7-FFBF-44A6-958F-5B77213B3593}
	EndGlobalSection
EndGlobal
